{
    "_readme": [
        "This file locks the dependencies of your project to a known state",
        "Read more about it at https://getcomposer.org/doc/01-basic-usage.md#installing-dependencies",
        "This file is @generated automatically"
    ],
    "content-hash": "1254b663c92aadcbc45726b8b5dd9724",
    "packages": [
        {
            "name": "seosamba/apps",
            "version": "dev-master",
            "source": {
                "type": "git",
                "url": "git@bitbucket.org:Seotoaster/apps.git",
                "reference": "12c6d686ba3fa223f624a6658205aec789f4ede3"
            },
            "require": {
                "ext-json": "*",
                "ext-mbstring": "*",
                "php": ">=7.4 <8.3"
            },
            "default-branch": true,
            "type": "library",
            "autoload": {
                "psr-4": {
                    "SeoSamba\\Apps\\": "src/"
                }
            },
            "license": [
                "GPL-3.0"
            ],
            "authors": [
                {
                    "name": "SeoToaster Team",
                    "email": "andrei@seosamba.com"
                }
            ],
            "description": "Apps plugin for SeoToaster CMS",
            "time": "2025-10-03T15:46:28+00:00"
        },
        {
            "name": "seosamba/crm",
            "version": "dev-master",
            "source": {
                "type": "git",
                "url": "git@bitbucket.org:Seotoaster/crm.git",
                "reference": "40204cb7095e2ed73f262be66865f57ce88c1d2b"
            },
            "require": {
                "ext-json": "*",
                "ext-mbstring": "*",
                "ext-pdo_mysql": "*",
                "php": ">=7.4 <8.3"
            },
            "default-branch": true,
            "type": "library",
            "autoload": {
                "psr-4": {
                    "SeoSamba\\CRM\\": "src/"
                }
            },
            "license": [
                "GPL-3.0"
            ],
            "authors": [
                {
                    "name": "SeoToaster Team",
                    "email": "andrei@seosamba.com"
                }
            ],
            "description": "CRM plugin for SeoToaster CMS",
            "time": "2025-10-03T15:54:36+00:00"
        },
        {
            "name": "seosamba/dashboard",
            "version": "dev-master",
            "source": {
                "type": "git",
                "url": "git@bitbucket.org:Seotoaster/dashboard.git",
                "reference": "c8a19a7b7b2efdc46da55d7abc0916de7c566c68"
            },
            "require": {
                "ext-json": "*",
                "ext-mbstring": "*",
                "php": ">=7.4 <8.3"
            },
            "default-branch": true,
            "type": "library",
            "autoload": {
                "psr-4": {
                    "SeoSamba\\Dashboard\\": "src/"
                }
            },
            "license": [
                "GPL-3.0"
            ],
            "authors": [
                {
                    "name": "SeoToaster Team",
                    "email": "andrei@seosamba.com"
                }
            ],
            "description": "Dashboard plugin for SeoToaster CMS",
            "time": "2025-10-03T15:50:00+00:00"
        },
        {
            "name": "seosamba/delivery",
            "version": "dev-master",
            "source": {
                "type": "git",
                "url": "git@bitbucket.org:Seotoaster/delivery.git",
                "reference": "2b1ff6f6355809ac22d32fd7ca469f6f21fb31f1"
            },
            "require": {
                "ext-json": "*",
                "ext-mbstring": "*",
                "php": ">=7.4 <8.3"
            },
            "default-branch": true,
            "type": "library",
            "autoload": {
                "psr-4": {
                    "SeoSamba\\Delivery\\": "src/"
                }
            },
            "license": [
                "GPL-3.0"
            ],
            "authors": [
                {
                    "name": "SeoToaster Team",
                    "email": "andrei@seosamba.com"
                }
            ],
            "description": "Delivery plugin for SeoToaster CMS",
            "time": "2025-10-03T15:52:26+00:00"
        },
        {
            "name": "seosamba/ecommerce",
            "version": "dev-develop",
            "source": {
                "type": "git",
                "url": "https://github.com/seosamba/ecommerce.git",
                "reference": "1005047422369cdeddad9c7ff5c854c47362bd67"
            },
            "dist": {
                "type": "zip",
                "url": "https://api.github.com/repos/seosamba/ecommerce/zipball/1005047422369cdeddad9c7ff5c854c47362bd67",
                "reference": "1005047422369cdeddad9c7ff5c854c47362bd67",
                "shasum": ""
            },
            "default-branch": true,
            "type": "library",
            "autoload": {
                "psr-4": {
                    "SeoToaster\\Ecommerce\\": "src/"
                }
            },
            "description": "Ecommerce plugin for SeoToaster CMS",
            "support": {
                "source": "https://github.com/seosamba/ecommerce/tree/develop",
                "issues": "https://github.com/seosamba/ecommerce/issues"
            },
            "time": "2025-10-06T08:37:42+00:00"
        },
        {
            "name": "seosamba/ecommerce-cart",
            "version": "dev-develop",
            "source": {
                "type": "git",
                "url": "https://github.com/seosamba/ecommerce-cart.git",
                "reference": "68b2b125de15c00ed8efb1728dd9b2eeea286b16"
            },
            "dist": {
                "type": "zip",
                "url": "https://api.github.com/repos/seosamba/ecommerce-cart/zipball/68b2b125de15c00ed8efb1728dd9b2eeea286b16",
                "reference": "68b2b125de15c00ed8efb1728dd9b2eeea286b16",
                "shasum": ""
            },
            "default-branch": true,
            "type": "library",
            "autoload": {
                "psr-4": {
                    "EcommerceCart\\": "src/"
                }
            },
            "support": {
                "source": "https://github.com/seosamba/ecommerce-cart/tree/develop",
                "issues": "https://github.com/seosamba/ecommerce-cart/issues"
            },
            "time": "2025-10-06T08:46:21+00:00"
        },
        {
            "name": "seosamba/ecommerce-promo",
            "version": "dev-master",
            "source": {
                "type": "git",
                "url": "https://github.com/seosamba/ecommerce-promo.git",
                "reference": "61ccc9b4a28352ff5742f47803f29dd3620e3e62"
            },
            "dist": {
                "type": "zip",
                "url": "https://api.github.com/repos/seosamba/ecommerce-promo/zipball/61ccc9b4a28352ff5742f47803f29dd3620e3e62",
                "reference": "61ccc9b4a28352ff5742f47803f29dd3620e3e62",
                "shasum": ""
            },
            "require": {
                "ext-mbstring": "*",
                "ext-pdo_mysql": "*",
                "php": ">=7.4 <8.3"
            },
            "default-branch": true,
            "type": "library",
            "autoload": {
                "psr-4": {
                    "SeoSamba\\EcommercePromo\\": "src/"
                }
            },
            "license": [
                "GPL-3.0"
            ],
            "authors": [
                {
                    "name": "SeoToaster Team",
                    "email": "andrei@seosamba.com"
                }
            ],
            "description": "Promotions module for SeoToaster Ecommerce",
            "support": {
                "source": "https://github.com/seosamba/ecommerce-promo/tree/master",
                "issues": "https://github.com/seosamba/ecommerce-promo/issues"
            },
            "time": "2025-10-06T08:47:39+00:00"
        },
        {
            "name": "seosamba/ecommerce-quote",
            "version": "dev-master",
            "source": {
                "type": "git",
                "url": "https://github.com/seosamba/ecommerce-quote.git",
                "reference": "c4c69a7741b6c9dbf60d26d185fab7b4a08601f2"
            },
            "dist": {
                "type": "zip",
                "url": "https://api.github.com/repos/seosamba/ecommerce-quote/zipball/c4c69a7741b6c9dbf60d26d185fab7b4a08601f2",
                "reference": "c4c69a7741b6c9dbf60d26d185fab7b4a08601f2",
                "shasum": ""
            },
            "require": {
                "ext-mbstring": "*",
                "ext-pdo_mysql": "*",
                "php": ">=7.4 <8.3"
            },
            "default-branch": true,
            "type": "library",
            "autoload": {
                "psr-4": {
                    "SeoSamba\\EcommerceQuote\\": "src/"
                }
            },
            "license": [
                "GPL-3.0"
            ],
            "authors": [
                {
                    "name": "SeoToaster Team",
                    "email": "andrei@seosamba.com"
                }
            ],
            "description": "Quote/Inquiry module for SeoToaster Ecommerce",
            "support": {
                "source": "https://github.com/seosamba/ecommerce-quote/tree/master",
                "issues": "https://github.com/seosamba/ecommerce-quote/issues"
            },
            "time": "2025-10-06T08:51:24+00:00"
        },
        {
            "name": "seosamba/emailsequence",
            "version": "dev-master",
            "source": {
                "type": "git",
                "url": "git@bitbucket.org:Seotoaster/emailsequence.git",
                "reference": "47632cdd42ed2e08daf188d4159d571109dfaadc"
            },
            "require": {
                "ext-json": "*",
                "ext-mbstring": "*",
                "php": ">=7.4 <8.3"
            },
            "default-branch": true,
            "type": "library",
            "autoload": {
                "psr-4": {
                    "SeoSamba\\EmailSequence\\": "src/"
                }
            },
            "license": [
                "GPL-3.0"
            ],
            "authors": [
                {
                    "name": "SeoToaster Team",
                    "email": "andrei@seosamba.com"
                }
            ],
            "description": "Email Sequence plugin for SeoToaster CMS",
            "time": "2025-10-03T15:53:58+00:00"
        },
        {
            "name": "seosamba/encodedapi",
            "version": "dev-master",
            "source": {
                "type": "git",
                "url": "git@bitbucket.org:Seotoaster/encodedapi.git",
                "reference": "315ab44d8819173b88bf3a43c2cb72ca6ef4170b"
            },
            "require": {
                "ext-curl": "*",
                "ext-json": "*",
                "ext-mbstring": "*",
                "php": ">=7.4 <8.3"
            },
            "default-branch": true,
            "type": "library",
            "autoload": {
                "psr-4": {
                    "SeoSamba\\EncodedApi\\": "src/"
                }
            },
            "authors": [
                {
                    "name": "SeoToaster Team",
                    "email": "andrei@seosamba.com"
                }
            ],
            "description": "Encoded API plugin for SeoToaster CMS",
            "time": "2025-10-06T09:36:04+00:00"
        },
        {
            "name": "seosamba/encodedleads",
            "version": "dev-master",
            "source": {
                "type": "git",
                "url": "git@bitbucket.org:Seotoaster/encodedleads.git",
                "reference": "b06a75bc680233ff97bfb065f52836b072fa9411"
            },
            "require": {
                "ext-curl": "*",
                "ext-json": "*",
                "ext-mbstring": "*",
                "php": ">=7.4 <8.3"
            },
            "default-branch": true,
            "type": "library",
            "autoload": {
                "psr-4": {
                    "SeoSamba\\EncodedLeads\\": "src/"
                }
            },
            "authors": [
                {
                    "name": "SeoToaster Team",
                    "email": "andrei@seosamba.com"
                }
            ],
            "description": "Encoded Leads plugin for SeoToaster CMS",
            "time": "2025-10-06T09:35:38+00:00"
        },
        {
            "name": "seosamba/flatrateshipping",
            "version": "dev-master",
            "source": {
                "type": "git",
                "url": "git@bitbucket.org:Seotoaster/flatrateshipping.git",
                "reference": "b8fde63eca557c6153c74863ce3eb1e5c6e214a5"
            },
            "require": {
                "ext-json": "*",
                "ext-mbstring": "*",
                "php": ">=7.4 <8.3"
            },
            "default-branch": true,
            "type": "library",
            "autoload": {
                "psr-4": {
                    "SeoSamba\\FlatRateShipping\\": "src/"
                }
            },
            "license": [
                "GPL-3.0"
            ],
            "authors": [
                {
                    "name": "SeoToaster Team",
                    "email": "andrei@seosamba.com"
                }
            ],
            "description": "Flat Rate Shipping plugin for SeoToaster CMS",
            "time": "2025-10-03T15:48:58+00:00"
        },
        {
            "name": "seosamba/freedashboardtheme",
            "version": "dev-master",
            "source": {
                "type": "git",
                "url": "git@bitbucket.org:Seotoaster/freedashboardtheme.git",
                "reference": "a607c39d562d1a0b4c1688e9c0b3c77266a48a5d"
            },
            "require": {
                "ext-json": "*",
                "ext-mbstring": "*",
                "php": ">=7.4 <8.3"
            },
            "default-branch": true,
            "type": "library",
            "autoload": {
                "psr-4": {
                    "SeoSamba\\DashboardTheme\\": "src/"
                }
            },
            "license": [
                "GPL-3.0"
            ],
            "authors": [
                {
                    "name": "SeoToaster Team",
                    "email": "andrei@seosamba.com"
                }
            ],
            "description": "Dashboard Theme plugin for SeoToaster CMS",
            "time": "2025-10-02T14:20:20+00:00"
        },
        {
            "name": "seosamba/freetheme",
            "version": "dev-master",
            "source": {
                "type": "git",
                "url": "git@bitbucket.org:Seotoaster/freetheme.git",
                "reference": "928465d88c9a73240384ec6e3c5cec5accf7e0da"
            },
            "require": {
                "php": ">=7.4 <8.3"
            },
            "default-branch": true,
            "type": "library",
            "autoload": {
                "psr-4": {
                    "SeoSamba\\FreeTheme\\": "src/"
                }
            },
            "license": [
                "GPL-3.0"
            ],
            "authors": [
                {
                    "name": "SeoToaster Team",
                    "email": "andrei@seosamba.com"
                }
            ],
            "description": "Free theme for SeoToaster CMS",
            "time": "2025-10-02T14:18:53+00:00"
        },
        {
            "name": "seosamba/invoicetopdf",
            "version": "dev-master",
            "source": {
                "type": "git",
                "url": "git@bitbucket.org:Seotoaster/invoicetopdf.git",
                "reference": "6f28ab69bdae43f45595a3b107ae28bbb732557b"
            },
            "require": {
                "ext-dom": "*",
                "ext-json": "*",
                "ext-mbstring": "*",
                "ext-pdo_mysql": "*",
                "ext-zip": "*",
                "php": ">=7.4 <8.3"
            },
            "default-branch": true,
            "type": "library",
            "autoload": {
                "psr-4": {
                    "SeoSamba\\InvoiceToPdf\\": "src/"
                }
            },
            "license": [
                "GPL-3.0"
            ],
            "authors": [
                {
                    "name": "SeoToaster Team",
                    "email": "andrei@seosamba.com"
                }
            ],
            "description": "Invoice to PDF plugin for SeoToaster CMS",
            "time": "2025-10-03T15:48:09+00:00"
        },
        {
            "name": "seosamba/netcontent",
            "version": "dev-master",
            "source": {
                "type": "git",
                "url": "git@bitbucket.org:Seotoaster/netcontent.git",
                "reference": "f45bb5c5b867eebda0fe998f8a4a6d63e81b5da0"
            },
            "require": {
                "ext-mbstring": "*",
                "ext-pdo_mysql": "*",
                "php": ">=7.4 <8.3"
            },
            "default-branch": true,
            "type": "library",
            "autoload": {
                "psr-4": {
                    "SeoSamba\\NetContent\\": "src/"
                }
            },
            "license": [
                "GPL-3.0"
            ],
            "authors": [
                {
                    "name": "SeoToaster Team",
                    "email": "andrei@seosamba.com"
                }
            ],
            "description": "NetContent module for SeoToaster CMS",
            "time": "2025-10-03T15:42:04+00:00"
        },
        {
            "name": "seosamba/newslog",
            "version": "dev-master",
            "source": {
                "type": "git",
                "url": "git@bitbucket.org:Seotoaster/newslog.git",
                "reference": "9ab5cb5d2b7c902f1551fd983cd995cb1223ca05"
            },
            "require": {
                "ext-mbstring": "*",
                "ext-pdo_mysql": "*",
                "php": ">=7.4 <8.3"
            },
            "default-branch": true,
            "type": "library",
            "autoload": {
                "psr-4": {
                    "SeoSamba\\NewsLog\\": "src/"
                }
            },
            "license": [
                "GPL-3.0"
            ],
            "authors": [
                {
                    "name": "SeoToaster Team",
                    "email": "andrei@seosamba.com"
                }
            ],
            "description": "News Log module for SeoToaster CMS",
            "time": "2025-10-03T15:44:40+00:00"
        },
        {
            "name": "seosamba/notifier",
            "version": "dev-master",
            "source": {
                "type": "git",
                "url": "git@bitbucket.org:Seotoaster/notifier.git",
                "reference": "b23015afa6dc966941974b655538687e353604e1"
            },
            "require": {
                "ext-json": "*",
                "ext-mbstring": "*",
                "php": ">=7.4 <8.3"
            },
            "default-branch": true,
            "type": "library",
            "autoload": {
                "psr-4": {
                    "SeoSamba\\Notifier\\": "src/"
                }
            },
            "license": [
                "GPL-3.0"
            ],
            "authors": [
                {
                    "name": "SeoToaster Team",
                    "email": "andrei@seosamba.com"
                }
            ],
            "description": "Notifier plugin for SeoToaster CMS",
            "time": "2025-10-07T14:22:07+00:00"
        },
        {
            "name": "seosamba/paypal",
            "version": "dev-master",
            "source": {
                "type": "git",
                "url": "git@bitbucket.org:Seotoaster/paypal.git",
                "reference": "96b9f62eaeb2ae4c4996925843c795e61ca1d309"
            },
            "require": {
                "ext-json": "*",
                "ext-mbstring": "*",
                "php": ">=7.4 <8.3"
            },
            "default-branch": true,
            "type": "library",
            "autoload": {
                "psr-4": {
                    "SeoSamba\\Paypal\\": "src/"
                }
            },
            "license": [
                "GPL-3.0"
            ],
            "authors": [
                {
                    "name": "SeoToaster Team",
                    "email": "andrei@seosamba.com"
                }
            ],
            "description": "Paypal plugin for SeoToaster CMS",
            "time": "2025-10-03T15:53:12+00:00"
        },
        {
            "name": "seosamba/productonly",
            "version": "dev-master",
            "source": {
                "type": "git",
                "url": "git@bitbucket.org:Seotoaster/productonly.git",
                "reference": "c929084de7b2b448c54e2a7e98ba0b9a5e9b492e"
            },
            "require": {
                "ext-json": "*",
                "ext-mbstring": "*",
                "php": ">=7.4 <8.3"
            },
            "default-branch": true,
            "type": "library",
            "autoload": {
                "psr-4": {
                    "SeoSamba\\ProductOnly\\": "src/"
                }
            },
            "license": [
                "GPL-3.0"
            ],
            "authors": [
                {
                    "name": "SeoToaster Team",
                    "email": "andrei@seosamba.com"
                }
            ],
            "description": "Product Only plugin for SeoToaster CMS",
            "time": "2025-10-03T15:51:45+00:00"
        },
        {
            "name": "seosamba/socialposter",
            "version": "dev-master",
            "source": {
                "type": "git",
                "url": "git@bitbucket.org:Seotoaster/socialposter.git",
                "reference": "e252d3fe5010c8d429cfe0c97a5aa0e53f7e4d3d"
            },
            "require": {
                "ext-curl": "*",
                "ext-json": "*",
                "ext-mbstring": "*",
                "php": ">=7.4 <8.3"
            },
            "default-branch": true,
            "type": "library",
            "autoload": {
                "psr-4": {
                    "SeoSamba\\SocialPoster\\": "src/"
                }
            },
            "license": [
                "GPL-3.0"
            ],
            "authors": [
                {
                    "name": "SeoToaster Team",
                    "email": "andrei@seosamba.com"
                }
            ],
            "description": "Social Poster plugin for SeoToaster CMS",
            "time": "2025-10-03T15:40:34+00:00"
        },
        {
            "name": "seosamba/toastauth",
            "version": "dev-master",
            "source": {
                "type": "git",
                "url": "git@bitbucket.org:Seotoaster/toastauth.git",
                "reference": "4c001cf5a73ba8b6b342eb4db2a575dc7c3e89ab"
            },
            "require": {
                "ext-json": "*",
                "ext-mbstring": "*",
                "php": ">=7.4 <8.3"
            },
            "default-branch": true,
            "type": "library",
            "autoload": {
                "psr-4": {
                    "SeoSamba\\ToastAuth\\": "src/"
                }
            },
            "license": [
                "GPL-3.0"
            ],
            "authors": [
                {
                    "name": "SeoToaster Team",
                    "email": "andrei@seosamba.com"
                }
            ],
            "description": "ToastAuth plugin for SeoToaster CMS",
            "time": "2025-10-03T15:47:07+00:00"
        },
        {
            "name": "seosamba/toasterstats",
            "version": "dev-master",
            "source": {
                "type": "git",
                "url": "git@bitbucket.org:Seotoaster/toasterstats.git",
                "reference": "9d3366727f09cd5ce24ee00ecc612033b8fa04e6"
            },
            "require": {
                "ext-json": "*",
                "ext-mbstring": "*",
                "php": ">=7.4 <8.3"
            },
            "default-branch": true,
            "type": "library",
            "autoload": {
                "psr-4": {
                    "SeoSamba\\ToasterStats\\": "src/"
                }
            },
            "license": [
                "GPL-3.0"
            ],
            "authors": [
                {
                    "name": "SeoToaster Team",
                    "email": "andrei@seosamba.com"
                }
            ],
            "description": "Toaster Stats plugin for SeoToaster CMS",
            "time": "2025-10-03T15:50:57+00:00"
        },
        {
            "name": "seosamba/webbuilder",
            "version": "dev-master",
            "source": {
                "type": "git",
                "url": "git@bitbucket.org:Seotoaster/webbuilder.git",
                "reference": "1ea063774e8e768316399d5f9e9204ffe9d5a942"
            },
            "require": {
                "ext-json": "*",
                "ext-mbstring": "*",
                "php": ">=7.4 <8.3"
            },
            "default-branch": true,
            "type": "library",
            "autoload": {
                "psr-4": {
                    "SeoSamba\\WebBuilder\\": "src/"
                }
            },
            "license": [
                "GPL-3.0"
            ],
            "authors": [
                {
                    "name": "SeoToaster Team",
                    "email": "andrei@seosamba.com"
                }
            ],
            "description": "Web Builder plugin for SeoToaster CMS",
            "time": "2025-10-03T15:45:41+00:00"
        },
        {
            "name": "seosamba/websiteidcard",
            "version": "dev-master",
            "source": {
                "type": "git",
                "url": "git@bitbucket.org:Seotoaster/websiteidcard.git",
                "reference": "ef180592c3c3a3e777426257f6b60c3e21dcc935"
            },
            "require": {
                "ext-mbstring": "*",
                "ext-pdo_mysql": "*",
                "php": ">=7.4 <8.3"
            },
            "default-branch": true,
            "type": "library",
            "autoload": {
                "psr-4": {
                    "SeoSamba\\WebsiteIdCard\\": "src/"
                }
            },
            "license": [
                "GPL-3.0"
            ],
            "authors": [
                {
                    "name": "SeoToaster Team",
                    "email": "andrei@seosamba.com"
                }
            ],
            "description": "Website ID Card module for SeoToaster CMS",
            "time": "2025-10-03T15:43:21+00:00"
        },
        {
            "name": "zendlib/zendlib",
            "version": "dev-feature/php8.2-composer",
            "source": {
                "type": "git",
                "url": "git@bitbucket.org:Seotoaster/zendlib.git",
                "reference": "e7c38f1d24dda9e154321e6ed80a2f5c08af17ea"
            },
            "type": "library",
            "autoload": {
                "psr-0": {
                    "Zend": "Zend/",
                    "ZendX": "ZendX/"
                }
            },
            "license": [
                "BSD-3-Clause"
            ],
            "description": "Zend library for SeoToaster",
            "time": "2025-09-29T15:15:02+00:00"
        }
    ],
    "packages-dev": [],
    "aliases": [],
    "minimum-stability": "stable",
    "stability-flags": {
        "seosamba/apps": 20,
        "seosamba/crm": 20,
        "seosamba/dashboard": 20,
        "seosamba/delivery": 20,
        "seosamba/ecommerce": 20,
        "seosamba/ecommerce-cart": 20,
        "seosamba/ecommerce-promo": 20,
        "seosamba/ecommerce-quote": 20,
        "seosamba/emailsequence": 20,
        "seosamba/encodedapi": 20,
        "seosamba/encodedleads": 20,
        "seosamba/flatrateshipping": 20,
        "seosamba/freedashboardtheme": 20,
        "seosamba/freetheme": 20,
        "seosamba/invoicetopdf": 20,
        "seosamba/netcontent": 20,
        "seosamba/newslog": 20,
        "seosamba/notifier": 20,
        "seosamba/paypal": 20,
        "seosamba/productonly": 20,
        "seosamba/socialposter": 20,
        "seosamba/toastauth": 20,
        "seosamba/toasterstats": 20,
        "seosamba/webbuilder": 20,
        "seosamba/websiteidcard": 20,
        "zendlib/zendlib": 20
    },
    "prefer-stable": false,
    "prefer-lowest": false,
    "platform": {
        "php": ">=7.4 <8.3",
        "ext-curl": "*",
        "ext-gd": "*",
        "ext-json": "*",
        "ext-mbstring": "*",
        "ext-pdo_mysql": "*",
        "ext-xml": "*",
        "ext-gmp": "*",
        "ext-zip": "*",
        "ext-ioncube-loader": "*",
        "ext-mcrypt": "*"
    },
    "platform-dev": {},
    "plugin-api-version": "2.6.0"
}
