{
    "_readme": [
        "This file locks the dependencies of your project to a known state",
        "Read more about it at https://getcomposer.org/doc/01-basic-usage.md#installing-dependencies",
        "This file is @generated automatically"
    ],
    "content-hash": "d1a9c46576d50d9a0ca67eefd7884a68",
    "packages": [
        {
            "name": "seosamba/ecommerce",
            "version": "dev-feature/composer-support",
            "source": {
                "type": "git",
                "url": "https://github.com/seosamba/ecommerce.git",
                "reference": "a69a4bc4cfad6201f87c7771fe8d71376995e3b4"
            },
            "dist": {
                "type": "zip",
                "url": "https://api.github.com/repos/seosamba/ecommerce/zipball/a69a4bc4cfad6201f87c7771fe8d71376995e3b4",
                "reference": "a69a4bc4cfad6201f87c7771fe8d71376995e3b4",
                "shasum": ""
            },
            "type": "library",
            "autoload": {
                "psr-4": {
                    "SeoToaster\\Ecommerce\\": "src/"
                }
            },
            "description": "Ecommerce plugin for SeoToaster CMS",
            "support": {
                "source": "https://github.com/seosamba/ecommerce/tree/feature/composer-support",
                "issues": "https://github.com/seosamba/ecommerce/issues"
            },
            "time": "2025-09-29T15:46:50+00:00"
        },
        {
            "name": "zendlib/zendlib",
            "version": "dev-feature/php8.2-composer",
            "source": {
                "type": "git",
                "url": "https://bitbucket.org/Seotoaster/zendlib.git",
                "reference": "e7c38f1d24dda9e154321e6ed80a2f5c08af17ea"
            },
            "dist": {
                "type": "zip",
                "url": "https://bitbucket.org/Seotoaster/zendlib/get/e7c38f1d24dda9e154321e6ed80a2f5c08af17ea.zip",
                "reference": "e7c38f1d24dda9e154321e6ed80a2f5c08af17ea",
                "shasum": ""
            },
            "type": "library",
            "autoload": {
                "psr-0": {
                    "Zend": "Zend/",
                    "ZendX": "ZendX/"
                }
            },
            "license": [
                "BSD-3-Clause"
            ],
            "description": "Zend library for SeoToaster",
            "homepage": "https://bitbucket.org/Seotoaster/zendlib",
            "support": {
                "source": "https://bitbucket.org/Seotoaster/zendlib/src/e7c38f1d24dda9e154321e6ed80a2f5c08af17ea/?at=feature/php8.2-composer"
            },
            "time": "2025-09-29T15:15:02+00:00"
        }
    ],
    "packages-dev": [],
    "aliases": [],
    "minimum-stability": "stable",
    "stability-flags": {
        "seosamba/ecommerce": 20,
        "zendlib/zendlib": 20
    },
    "prefer-stable": false,
    "prefer-lowest": false,
    "platform": {
        "php": ">=7.4 <=8.2",
        "ext-curl": "*",
        "ext-gd": "*",
        "ext-json": "*",
        "ext-mbstring": "*",
        "ext-pdo_mysql": "*",
        "ext-xml": "*",
        "ext-gmp": "*",
        "ext-zip": "*",
        "ext-ioncube-loader": "*",
        "ext-mcrypt": "*"
    },
    "platform-dev": {},
    "plugin-api-version": "2.6.0"
}
