{
    "_readme": [
        "This file locks the dependencies of your project to a known state",
        "Read more about it at https://getcomposer.org/doc/01-basic-usage.md#installing-dependencies",
        "This file is @generated automatically"
    ],
    "content-hash": "77e8fad20ebb12874e44c1f405cb6749",
    "packages": [
        {
            "name": "seosamba/ecommerce",
            "version": "dev-feature/composer-support",
            "source": {
                "type": "git",
                "url": "https://github.com/seosamba/ecommerce.git",
                "reference": "a69a4bc4cfad6201f87c7771fe8d71376995e3b4"
            },
            "dist": {
                "type": "zip",
                "url": "https://api.github.com/repos/seosamba/ecommerce/zipball/a69a4bc4cfad6201f87c7771fe8d71376995e3b4",
                "reference": "a69a4bc4cfad6201f87c7771fe8d71376995e3b4",
                "shasum": ""
            },
            "type": "library",
            "autoload": {
                "psr-4": {
                    "SeoToaster\\Ecommerce\\": "src/"
                }
            },
            "description": "Ecommerce plugin for SeoToaster CMS",
            "support": {
                "source": "https://github.com/seosamba/ecommerce/tree/feature/composer-support",
                "issues": "https://github.com/seosamba/ecommerce/issues"
            },
            "time": "2025-09-29T15:46:50+00:00"
        },
        {
            "name": "zendlib/zendlib",
            "version": "dev-feature/php8.2-composer",
            "source": {
                "type": "git",
                "url": "https://x-token-auth:ATCTT3xFfGN0EkeKT8fU4Vi3H7jmqLfkeu2KT9XgOgStz9OkJBBqpuyFsiWed0lbIIEFPzUQnqAdtPNkrTNKUumlmQN7xp0r0G8UaSrZzFWUxUHbEaneIMGZ5zVmc5L5kjw3u4XYZ8Xnk6IiAUzaqtnWIfiMhKRgv3KmKHXRi2ixg36ZEbPgpzc=325F5B5E@bitbucket.org/Seotoaster/zendlib.git",
                "reference": "e7c38f1d24dda9e154321e6ed80a2f5c08af17ea"
            },
            "type": "library",
            "autoload": {
                "psr-0": {
                    "Zend": "Zend/",
                    "ZendX": "ZendX/"
                }
            },
            "license": [
                "BSD-3-Clause"
            ],
            "description": "Zend library for SeoToaster",
            "time": "2025-09-29T15:15:02+00:00"
        }
    ],
    "packages-dev": [],
    "aliases": [],
    "minimum-stability": "stable",
    "stability-flags": {
        "seosamba/ecommerce": 20,
        "zendlib/zendlib": 20
    },
    "prefer-stable": false,
    "prefer-lowest": false,
    "platform": {},
    "platform-dev": {},
    "plugin-api-version": "2.6.0"
}
